
Microsoft Visual Studio Solution File, Format Version 12.00
# Visual Studio 15
VisualStudioVersion = 15.0.28307.136
MinimumVisualStudioVersion = 10.0.40219.1
Project("{FAE04EC0-301F-11D3-BF4B-00C04F79EFBC}") = "10-12_Intro", "10-12_Intro\10-12_Intro.csproj", "{73363D46-0BB8-45B5-9093-8A4C772AB001}"
EndProject
Project("{FAE04EC0-301F-11D3-BF4B-00C04F79EFBC}") = "ModelDemo", "ModelDemo\ModelDemo.csproj", "{3A3290C8-C778-4E5A-AE1C-348F2A708274}"
EndProject
Project("{FAE04EC0-301F-11D3-BF4B-00C04F79EFBC}") = "ControllerDemo", "ControllerDemo\ControllerDemo.csproj", "{07543372-CC5B-4A0A-8CC2-A0E074A8A3D2}"
EndProject
Project("{FAE04EC0-301F-11D3-BF4B-00C04F79EFBC}") = "FilterDemo", "FilterDemo\FilterDemo.csproj", "{B7DEC235-E9E5-4C41-BC18-A1E8FD2D4CE7}"
EndProject
Project("{FAE04EC0-301F-11D3-BF4B-00C04F79EFBC}") = "PartialDemo", "PartialDemo\PartialDemo.csproj", "{C4D64D7C-F082-40E4-8709-A535E1605B8B}"
EndProject
Global
	GlobalSection(SolutionConfigurationPlatforms) = preSolution
		Debug|Any CPU = Debug|Any CPU
		Release|Any CPU = Release|Any CPU
	EndGlobalSection
	GlobalSection(ProjectConfigurationPlatforms) = postSolution
		{73363D46-0BB8-45B5-9093-8A4C772AB001}.Debug|Any CPU.ActiveCfg = Debug|Any CPU
		{73363D46-0BB8-45B5-9093-8A4C772AB001}.Debug|Any CPU.Build.0 = Debug|Any CPU
		{73363D46-0BB8-45B5-9093-8A4C772AB001}.Release|Any CPU.ActiveCfg = Release|Any CPU
		{73363D46-0BB8-45B5-9093-8A4C772AB001}.Release|Any CPU.Build.0 = Release|Any CPU
		{3A3290C8-C778-4E5A-AE1C-348F2A708274}.Debug|Any CPU.ActiveCfg = Debug|Any CPU
		{3A3290C8-C778-4E5A-AE1C-348F2A708274}.Debug|Any CPU.Build.0 = Debug|Any CPU
		{3A3290C8-C778-4E5A-AE1C-348F2A708274}.Release|Any CPU.ActiveCfg = Release|Any CPU
		{3A3290C8-C778-4E5A-AE1C-348F2A708274}.Release|Any CPU.Build.0 = Release|Any CPU
		{07543372-CC5B-4A0A-8CC2-A0E074A8A3D2}.Debug|Any CPU.ActiveCfg = Debug|Any CPU
		{07543372-CC5B-4A0A-8CC2-A0E074A8A3D2}.Debug|Any CPU.Build.0 = Debug|Any CPU
		{07543372-CC5B-4A0A-8CC2-A0E074A8A3D2}.Release|Any CPU.ActiveCfg = Release|Any CPU
		{07543372-CC5B-4A0A-8CC2-A0E074A8A3D2}.Release|Any CPU.Build.0 = Release|Any CPU
		{B7DEC235-E9E5-4C41-BC18-A1E8FD2D4CE7}.Debug|Any CPU.ActiveCfg = Debug|Any CPU
		{B7DEC235-E9E5-4C41-BC18-A1E8FD2D4CE7}.Debug|Any CPU.Build.0 = Debug|Any CPU
		{B7DEC235-E9E5-4C41-BC18-A1E8FD2D4CE7}.Release|Any CPU.ActiveCfg = Release|Any CPU
		{B7DEC235-E9E5-4C41-BC18-A1E8FD2D4CE7}.Release|Any CPU.Build.0 = Release|Any CPU
		{C4D64D7C-F082-40E4-8709-A535E1605B8B}.Debug|Any CPU.ActiveCfg = Debug|Any CPU
		{C4D64D7C-F082-40E4-8709-A535E1605B8B}.Debug|Any CPU.Build.0 = Debug|Any CPU
		{C4D64D7C-F082-40E4-8709-A535E1605B8B}.Release|Any CPU.ActiveCfg = Release|Any CPU
		{C4D64D7C-F082-40E4-8709-A535E1605B8B}.Release|Any CPU.Build.0 = Release|Any CPU
	EndGlobalSection
	GlobalSection(SolutionProperties) = preSolution
		HideSolutionNode = FALSE
	EndGlobalSection
	GlobalSection(ExtensibilityGlobals) = postSolution
		SolutionGuid = {75CAFE7A-15FC-427F-9691-16E70FB75E48}
	EndGlobalSection
EndGlobal
